
Microsoft Visual Studio Solution File, Format Version 12.00
# Visual Studio Version 17
VisualStudioVersion = 17.8.34408.163
MinimumVisualStudioVersion = 10.0.40219.1
Project("{FAE04EC0-301F-11D3-BF4B-00C04F79EFBC}") = "modul5_1302220067", "modul5_1302220067\modul5_1302220067.csproj", "{829EC800-1C25-477F-90DD-CAD5DF6D5F81}"
EndProject
Global
	GlobalSection(SolutionConfigurationPlatforms) = preSolution
		Debug|Any CPU = Debug|Any CPU
		Release|Any CPU = Release|Any CPU
	EndGlobalSection
	GlobalSection(ProjectConfigurationPlatforms) = postSolution
		{829EC800-1C25-477F-90DD-CAD5DF6D5F81}.Debug|Any CPU.ActiveCfg = Debug|Any CPU
		{829EC800-1C25-477F-90DD-CAD5DF6D5F81}.Debug|Any CPU.Build.0 = Debug|Any CPU
		{829EC800-1C25-477F-90DD-CAD5DF6D5F81}.Release|Any CPU.ActiveCfg = Release|Any CPU
		{829EC800-1C25-477F-90DD-CAD5DF6D5F81}.Release|Any CPU.Build.0 = Release|Any CPU
	EndGlobalSection
	GlobalSection(SolutionProperties) = preSolution
		HideSolutionNode = FALSE
	EndGlobalSection
	GlobalSection(ExtensibilityGlobals) = postSolution
		SolutionGuid = {C698510E-3716-4569-A1CE-8C70586B2DC9}
	EndGlobalSection
EndGlobal
